
Microsoft Visual Studio Solution File, Format Version 12.00
Project("{FAE04EC0-301F-11D3-BF4B-00C04F79EFBC}") = "BlazorApp2", "BlazorApp2\BlazorApp2.csproj", "{FDCD14CF-89CE-4C55-9BC2-08D97A6FB3DD}"
EndProject
Global
	GlobalSection(SolutionConfigurationPlatforms) = preSolution
		Debug|Any CPU = Debug|Any CPU
		Release|Any CPU = Release|Any CPU
	EndGlobalSection
	GlobalSection(ProjectConfigurationPlatforms) = postSolution
		{FDCD14CF-89CE-4C55-9BC2-08D97A6FB3DD}.Debug|Any CPU.ActiveCfg = Debug|Any CPU
		{FDCD14CF-89CE-4C55-9BC2-08D97A6FB3DD}.Debug|Any CPU.Build.0 = Debug|Any CPU
		{FDCD14CF-89CE-4C55-9BC2-08D97A6FB3DD}.Release|Any CPU.ActiveCfg = Release|Any CPU
		{FDCD14CF-89CE-4C55-9BC2-08D97A6FB3DD}.Release|Any CPU.Build.0 = Release|Any CPU
	EndGlobalSection
EndGlobal
